
Microsoft Visual Studio Solution File, Format Version 12.00
# Visual Studio Version 16
VisualStudioVersion = 16.0.34031.81
MinimumVisualStudioVersion = 10.0.40219.1
Project("{FAE04EC0-301F-11D3-BF4B-00C04F79EFBC}") = "TPA-Exercicios", "TPA-Exercicios\TPA-Exercicios.csproj", "{87015F44-8973-4D00-83A7-BEB41EB5DE7F}"
EndProject
Global
	GlobalSection(SolutionConfigurationPlatforms) = preSolution
		Debug|Any CPU = Debug|Any CPU
		Release|Any CPU = Release|Any CPU
	EndGlobalSection
	GlobalSection(ProjectConfigurationPlatforms) = postSolution
		{87015F44-8973-4D00-83A7-BEB41EB5DE7F}.Debug|Any CPU.ActiveCfg = Debug|Any CPU
		{87015F44-8973-4D00-83A7-BEB41EB5DE7F}.Debug|Any CPU.Build.0 = Debug|Any CPU
		{87015F44-8973-4D00-83A7-BEB41EB5DE7F}.Release|Any CPU.ActiveCfg = Release|Any CPU
		{87015F44-8973-4D00-83A7-BEB41EB5DE7F}.Release|Any CPU.Build.0 = Release|Any CPU
	EndGlobalSection
	GlobalSection(SolutionProperties) = preSolution
		HideSolutionNode = FALSE
	EndGlobalSection
	GlobalSection(ExtensibilityGlobals) = postSolution
		SolutionGuid = {96785F46-5DD3-480B-957A-6FA338570CD6}
	EndGlobalSection
EndGlobal
